
Microsoft Visual Studio Solution File, Format Version 12.00
# Visual Studio Version 17
VisualStudioVersion = 17.4.33110.190
MinimumVisualStudioVersion = 10.0.40219.1
Project("{FAE04EC0-301F-11D3-BF4B-00C04F79EFBC}") = "AdaCredit", "AdaCredit.csproj", "{4C031ACA-716D-43DB-8DEF-3EC3D8048782}"
EndProject
Global
	GlobalSection(SolutionConfigurationPlatforms) = preSolution
		Debug|Any CPU = Debug|Any CPU
		Release|Any CPU = Release|Any CPU
	EndGlobalSection
	GlobalSection(ProjectConfigurationPlatforms) = postSolution
		{4C031ACA-716D-43DB-8DEF-3EC3D8048782}.Debug|Any CPU.ActiveCfg = Debug|Any CPU
		{4C031ACA-716D-43DB-8DEF-3EC3D8048782}.Debug|Any CPU.Build.0 = Debug|Any CPU
		{4C031ACA-716D-43DB-8DEF-3EC3D8048782}.Release|Any CPU.ActiveCfg = Release|Any CPU
		{4C031ACA-716D-43DB-8DEF-3EC3D8048782}.Release|Any CPU.Build.0 = Release|Any CPU
	EndGlobalSection
	GlobalSection(SolutionProperties) = preSolution
		HideSolutionNode = FALSE
	EndGlobalSection
	GlobalSection(ExtensibilityGlobals) = postSolution
		SolutionGuid = {BDF3404D-E472-408D-BA95-7CD9A53F1436}
	EndGlobalSection
EndGlobal
